{
  "projects": [
    {
      "projectId": "seaQhLVS4bbjiGvJJrRwyL",
      "version": "15.0.3",
      "dependencies": {},
      "lang": "js",
      "fileLocks": [
        {
          "assetId": "seaQhLVS4bbjiGvJJrRwyL",
          "type": "projectCss",
          "checksum": "96d0c5256c70ddefc2366d3580ce9213"
        }
      ],
      "codegenVersion": "0.0.1"
    },
    {
      "projectId": "wx6aoo7FZEXNn8vLYsSQDm",
      "version": "latest",
      "dependencies": {
        "seaQhLVS4bbjiGvJJrRwyL": "15.0.3"
      },
      "lang": "js",
      "fileLocks": [
        {
          "type": "globalVariant",
          "assetId": "KqR-UdDzz-qOAa",
          "checksum": "d31e273cdb4842152e9187aae3830e4d"
        },
        {
          "assetId": "wx6aoo7FZEXNn8vLYsSQDm",
          "type": "projectCss",
          "checksum": "b20c4a8c9d94e29be6344eade7c3b30c"
        },
        {
          "type": "renderModule",
          "assetId": "1Aj3NBVLiGXte",
          "checksum": "a5faedfcf4825f638765b383e8581f2c"
        },
        {
          "type": "cssRules",
          "assetId": "1Aj3NBVLiGXte",
          "checksum": "a5faedfcf4825f638765b383e8581f2c"
        },
        {
          "type": "renderModule",
          "assetId": "-Vb13Wx76lxLk",
          "checksum": "037dca998685262a2b6fb054f5477b49"
        },
        {
          "type": "cssRules",
          "assetId": "-Vb13Wx76lxLk",
          "checksum": "037dca998685262a2b6fb054f5477b49"
        },
        {
          "type": "renderModule",
          "assetId": "Z489008dJg24V",
          "checksum": "42049ee9476a535b0e674235dc84275f"
        },
        {
          "type": "cssRules",
          "assetId": "Z489008dJg24V",
          "checksum": "42049ee9476a535b0e674235dc84275f"
        },
        {
          "type": "renderModule",
          "assetId": "NAMndQWbr7S76",
          "checksum": "ab7c3b8c4451e70aab38648f0a43a6ae"
        },
        {
          "type": "cssRules",
          "assetId": "NAMndQWbr7S76",
          "checksum": "ab7c3b8c4451e70aab38648f0a43a6ae"
        },
        {
          "type": "renderModule",
          "assetId": "ioydRJWlLSlsf",
          "checksum": "84c42350bd7edb3145e375a60638a3df"
        },
        {
          "type": "cssRules",
          "assetId": "ioydRJWlLSlsf",
          "checksum": "84c42350bd7edb3145e375a60638a3df"
        },
        {
          "type": "renderModule",
          "assetId": "3eeqB2Cq19Rpg",
          "checksum": "a4815fb484c6251a4c9e2f8bcd981660"
        },
        {
          "type": "cssRules",
          "assetId": "3eeqB2Cq19Rpg",
          "checksum": "a4815fb484c6251a4c9e2f8bcd981660"
        },
        {
          "type": "renderModule",
          "assetId": "NW8MdsPm6lfG0_",
          "checksum": "e97190ca4b59044bab7371d8019020c9"
        },
        {
          "type": "cssRules",
          "assetId": "NW8MdsPm6lfG0_",
          "checksum": "e97190ca4b59044bab7371d8019020c9"
        },
        {
          "type": "renderModule",
          "assetId": "ojLA9DXhzPv2Sq",
          "checksum": "78191de60bd03e0c5ecc7960097e871c"
        },
        {
          "type": "cssRules",
          "assetId": "ojLA9DXhzPv2Sq",
          "checksum": "78191de60bd03e0c5ecc7960097e871c"
        },
        {
          "type": "renderModule",
          "assetId": "YGy-oxiL0BVSL6",
          "checksum": "48fdfc82bee1dd7863a2d1c0b3cb06fe"
        },
        {
          "type": "cssRules",
          "assetId": "YGy-oxiL0BVSL6",
          "checksum": "48fdfc82bee1dd7863a2d1c0b3cb06fe"
        },
        {
          "type": "renderModule",
          "assetId": "_bN4lfvrgdh9vg",
          "checksum": "b6266cedd32a7d03f7fc5d5016eda053"
        },
        {
          "type": "cssRules",
          "assetId": "_bN4lfvrgdh9vg",
          "checksum": "b6266cedd32a7d03f7fc5d5016eda053"
        },
        {
          "type": "renderModule",
          "assetId": "ZUD5-L-XqHsPV0",
          "checksum": "822d87381bf0f997ceddf023f73ca8b2"
        },
        {
          "type": "cssRules",
          "assetId": "ZUD5-L-XqHsPV0",
          "checksum": "822d87381bf0f997ceddf023f73ca8b2"
        },
        {
          "type": "renderModule",
          "assetId": "_f77SlnS2kNwy2",
          "checksum": "b379f28b41270acfcfe445100bd1d544"
        },
        {
          "type": "cssRules",
          "assetId": "_f77SlnS2kNwy2",
          "checksum": "b379f28b41270acfcfe445100bd1d544"
        },
        {
          "type": "renderModule",
          "assetId": "UOgKLTtsvBIkA7",
          "checksum": "1dc6ef12b757c76fd9f7a55dc7ad70d0"
        },
        {
          "type": "cssRules",
          "assetId": "UOgKLTtsvBIkA7",
          "checksum": "1dc6ef12b757c76fd9f7a55dc7ad70d0"
        },
        {
          "type": "renderModule",
          "assetId": "IepRjPFb7gQUFT",
          "checksum": "719180c59275a1a69f727fae692be23f"
        },
        {
          "type": "cssRules",
          "assetId": "IepRjPFb7gQUFT",
          "checksum": "719180c59275a1a69f727fae692be23f"
        },
        {
          "type": "renderModule",
          "assetId": "pJhvut2uXEQ_GY",
          "checksum": "78c72451d2f8f66aed33a8d70611806c"
        },
        {
          "type": "cssRules",
          "assetId": "pJhvut2uXEQ_GY",
          "checksum": "78c72451d2f8f66aed33a8d70611806c"
        },
        {
          "type": "renderModule",
          "assetId": "jqiB88P53Q6rHE",
          "checksum": "45beb87947331025fc9e649201a7bb35"
        },
        {
          "type": "cssRules",
          "assetId": "jqiB88P53Q6rHE",
          "checksum": "45beb87947331025fc9e649201a7bb35"
        },
        {
          "type": "renderModule",
          "assetId": "fgkVFy0wrVWvCO",
          "checksum": "96f5f0c8d02cf746f199b5f0d421d6a0"
        },
        {
          "type": "cssRules",
          "assetId": "fgkVFy0wrVWvCO",
          "checksum": "96f5f0c8d02cf746f199b5f0d421d6a0"
        },
        {
          "type": "icon",
          "assetId": "uB14dyueeEsLUX",
          "checksum": "99642ff31f213a0801189b71efc99cda"
        },
        {
          "type": "icon",
          "assetId": "sPyPRBDgv9DY0L",
          "checksum": "5dc2ccaccd8c20be36375928a5404175"
        },
        {
          "type": "icon",
          "assetId": "4jhqMNEEmsNCSy",
          "checksum": "36e9fe81830bead1cc29c4c2412b85ce"
        },
        {
          "type": "icon",
          "assetId": "3vHvdUmdRdpm0O",
          "checksum": "a8170230d01081390f1cb77ae50cfe8b"
        },
        {
          "type": "icon",
          "assetId": "oGIIgq6g44-n8X",
          "checksum": "c110ff7884c47e69df0149c4f69d2316"
        },
        {
          "type": "icon",
          "assetId": "_FX4r1CnC-QTUm",
          "checksum": "963aebf586d565e781c164fe4e638a76"
        },
        {
          "type": "icon",
          "assetId": "kGwhs2WDpRjBlx",
          "checksum": "c44efe5320461956e0c2ee8a4b88561b"
        },
        {
          "type": "icon",
          "assetId": "Vf3rhaO6z62fB3",
          "checksum": "c8799af12bbdc16ebdec518e793cd98b"
        },
        {
          "type": "icon",
          "assetId": "BLPA3V4WCddeMv",
          "checksum": "64e9f514658ce59f0eb7c5685a42a12e"
        },
        {
          "type": "icon",
          "assetId": "LntS45tx6fskFq",
          "checksum": "eae9912703d652b0eec83431f66dc072"
        },
        {
          "type": "icon",
          "assetId": "yz-1MyV5hyK3ts",
          "checksum": "f7e71d0526f12089e7f1dc7345b0cc03"
        },
        {
          "type": "icon",
          "assetId": "tjwvwaSF5yn9s4",
          "checksum": "cf69c654c89a83b86ef5dee0eefab0aa"
        },
        {
          "type": "icon",
          "assetId": "r3oEyQ2isfcp77",
          "checksum": "ca2258bcfac115985a8ec94533c232ac"
        },
        {
          "type": "icon",
          "assetId": "iYgLJ_1zatlsgo",
          "checksum": "8084f80b613878c42b70eda7fec8662e"
        },
        {
          "type": "icon",
          "assetId": "wUey1MvWrkMrWk",
          "checksum": "f4f5e9c17284cd76b1f35c70c97a9582"
        },
        {
          "type": "icon",
          "assetId": "yAVoogxBWs3rg-",
          "checksum": "0617ab0ce6a2632417329c3c305c288c"
        },
        {
          "type": "icon",
          "assetId": "Q6afK6hyeHzu18",
          "checksum": "077e1b18bbf4c4a83ac4380fd120150e"
        },
        {
          "type": "icon",
          "assetId": "DYgliUKpZC2lsC",
          "checksum": "5006e2141f04aa9d202665c482bf1a55"
        },
        {
          "type": "icon",
          "assetId": "9yocJWJGn-QXWU",
          "checksum": "b7afb3ef940361b069756f654ca5d103"
        },
        {
          "type": "icon",
          "assetId": "7o1gsdODbHHZlc",
          "checksum": "5ff686b24bdb99f1a9eded9d0a69f18a"
        },
        {
          "type": "icon",
          "assetId": "JawdjrG6paZs8c",
          "checksum": "952338204d820b47dbd42d3e734abc30"
        },
        {
          "type": "icon",
          "assetId": "Xl1C6XWRgUq2yk",
          "checksum": "fc532974df5305c4ca9a42b33d1359b7"
        },
        {
          "type": "image",
          "assetId": "99zVqMsftHPvKJ",
          "checksum": "eef0d05ca1e139f6e7f64983b7a479eb"
        },
        {
          "type": "image",
          "assetId": "om_6IMSLb9iPWp",
          "checksum": "8924afdbe656c42f6c3e00faef2d7941"
        },
        {
          "type": "image",
          "assetId": "eVzpXvw6N4Zwbx",
          "checksum": "7fe6de95f1f38ddf91b987d16d6bcd70"
        },
        {
          "type": "image",
          "assetId": "8nUNwVM21DLgrT",
          "checksum": "37a46e88ace690aca5cd3cd3738db7ba"
        }
      ],
      "codegenVersion": "0.0.1"
    }
  ],
  "cliVersion": "0.1.178"
}
